
Microsoft Visual Studio Solution File, Format Version 12.00
# Visual Studio Version 16
VisualStudioVersion = 16.0.29102.190
MinimumVisualStudioVersion = 10.0.40219.1
Project("{9A19103F-16F7-4668-BE54-9A1E7A4F7556}") = "ErikVanDelft", "ErikVanDelft.csproj", "{9C0A4E3E-C0F6-47CE-87B2-7685814975ED}"
EndProject
Global
	GlobalSection(SolutionConfigurationPlatforms) = preSolution
		Debug|Any CPU = Debug|Any CPU
		Release|Any CPU = Release|Any CPU
	EndGlobalSection
	GlobalSection(ProjectConfigurationPlatforms) = postSolution
		{9C0A4E3E-C0F6-47CE-87B2-7685814975ED}.Debug|Any CPU.ActiveCfg = Debug|Any CPU
		{9C0A4E3E-C0F6-47CE-87B2-7685814975ED}.Debug|Any CPU.Build.0 = Debug|Any CPU
		{9C0A4E3E-C0F6-47CE-87B2-7685814975ED}.Release|Any CPU.ActiveCfg = Release|Any CPU
		{9C0A4E3E-C0F6-47CE-87B2-7685814975ED}.Release|Any CPU.Build.0 = Release|Any CPU
	EndGlobalSection
	GlobalSection(SolutionProperties) = preSolution
		HideSolutionNode = FALSE
	EndGlobalSection
	GlobalSection(ExtensibilityGlobals) = postSolution
		SolutionGuid = {20BB3497-4469-464C-BD8C-C9026B5B0BE7}
	EndGlobalSection
EndGlobal
